lockfileVersion: '9.0'

settings:
  autoInstallPeers: true
  excludeLinksFromLockfile: false

importers:

  .:
    dependencies:
      superjson:
        specifier: ^2.2.1
        version: 2.2.3
      tslog:
        specifier: ^4.9.2
        version: 4.10.2
      zustand:
        specifier: ^4.4.7
        version: 4.5.7(react@19.2.0)
    devDependencies:
      typescript:
        specifier: ^5.3.0
        version: 5.9.3

packages:

  copy-anything@4.0.5:
    resolution: {integrity: sha512-7Vv6asjS4gMOuILabD3l739tsaxFQmC+a7pLZm02zyvs8p977bL3zEgq3yDk5rn9B0PbYgIv++jmHcuUab4RhA==}
    engines: {node: '>=18'}

  is-what@5.5.0:
    resolution: {integrity: sha512-oG7cgbmg5kLYae2N5IVd3jm2s+vldjxJzK1pcu9LfpGuQ93MQSzo0okvRna+7y5ifrD+20FE8FvjusyGaz14fw==}
    engines: {node: '>=18'}

  react@19.2.0:
    resolution: {integrity: sha512-tmbWg6W31tQLeB5cdIBOicJDJRR2KzXsV7uSK9iNfLWQ5bIZfxuPEHp7M8wiHyHnn0DD1i7w3Zmin0FtkrwoCQ==}
    engines: {node: '>=0.10.0'}

  superjson@2.2.3:
    resolution: {integrity: sha512-ay3d+LW/S6yppKoTz3Bq4mG0xrS5bFwfWEBmQfbC7lt5wmtk+Obq0TxVuA9eYRirBTQb1K3eEpBRHMQEo0WyVw==}
    engines: {node: '>=16'}

  tslog@4.10.2:
    resolution: {integrity: sha512-XuELoRpMR+sq8fuWwX7P0bcj+PRNiicOKDEb3fGNURhxWVyykCi9BNq7c4uVz7h7P0sj8qgBsr5SWS6yBClq3g==}
    engines: {node: '>=16'}

  typescript@5.9.3:
    resolution: {integrity: sha512-jl1vZzPDinLr9eUt3J/t7V6FgNEw9QjvBPdysz9KfQDD41fQrC2Y4vKQdiaUpFT4bXlb1RHhLpp8wtm6M5TgSw==}
    engines: {node: '>=14.17'}
    hasBin: true

  use-sync-external-store@1.6.0:
    resolution: {integrity: sha512-Pp6GSwGP/NrPIrxVFAIkOQeyw8lFenOHijQWkUTrDvrF4ALqylP2C/KCkeS9dpUM3KvYRQhna5vt7IL95+ZQ9w==}
    peerDependencies:
      react: ^16.8.0 || ^17.0.0 || ^18.0.0 || ^19.0.0

  zustand@4.5.7:
    resolution: {integrity: sha512-CHOUy7mu3lbD6o6LJLfllpjkzhHXSBlX8B9+qPddUsIfeF5S/UZ5q0kmCsnRqT1UHFQZchNFDDzMbQsuesHWlw==}
    engines: {node: '>=12.7.0'}
    peerDependencies:
      '@types/react': '>=16.8'
      immer: '>=9.0.6'
      react: '>=16.8'
    peerDependenciesMeta:
      '@types/react':
        optional: true
      immer:
        optional: true
      react:
        optional: true

snapshots:

  copy-anything@4.0.5:
    dependencies:
      is-what: 5.5.0

  is-what@5.5.0: {}

  react@19.2.0: {}

  superjson@2.2.3:
    dependencies:
      copy-anything: 4.0.5

  tslog@4.10.2: {}

  typescript@5.9.3: {}

  use-sync-external-store@1.6.0(react@19.2.0):
    dependencies:
      react: 19.2.0

  zustand@4.5.7(react@19.2.0):
    dependencies:
      use-sync-external-store: 1.6.0(react@19.2.0)
    optionalDependencies:
      react: 19.2.0
